
Microsoft Visual Studio Solution File, Format Version 12.00
# Visual Studio Version 17
VisualStudioVersion = 17.11.35303.130
MinimumVisualStudioVersion = 10.0.40219.1
Project("{2150E333-8FDC-42A3-9474-1A3956D46DE8}") = "Task0", "Task0", "{05E7B8FC-FF63-4F6F-A5C9-80303E9068F5}"
EndProject
Project("{FAE04EC0-301F-11D3-BF4B-00C04F79EFBC}") = "Tyuiu.BrezinaYS.Sprint5.Task0.V20", "Tyuiu.BrezinaYS.Sprint5.Task0.V20\Tyuiu.BrezinaYS.Sprint5.Task0.V20.csproj", "{10DF78F8-6CFD-4FF2-9F0B-9C04B3FBB451}"
EndProject
Project("{FAE04EC0-301F-11D3-BF4B-00C04F79EFBC}") = "Tyuiu.BrezinaYS.Sprint5.Task0.V20.Lib", "Tyuiu.BrezinaYS.Sprint5.Task0.V20.Lib\Tyuiu.BrezinaYS.Sprint5.Task0.V20.Lib.csproj", "{AFB61812-E0BB-403A-99C4-9FB85B8F8E0E}"
EndProject
Project("{FAE04EC0-301F-11D3-BF4B-00C04F79EFBC}") = "Tyuiu.BrezinaYS.Sprint5.Task0.V20.Test", "Tyuiu.BrezinaYS.Sprint5.Task0.V20.Test\Tyuiu.BrezinaYS.Sprint5.Task0.V20.Test.csproj", "{01B40964-FF7E-47AA-A097-DE27B462F481}"
EndProject
Project("{2150E333-8FDC-42A3-9474-1A3956D46DE8}") = "Task1", "Task1", "{94382691-B4EC-42D3-B671-ED3681C6E8A7}"
EndProject
Project("{FAE04EC0-301F-11D3-BF4B-00C04F79EFBC}") = "Tyuiu.BrezinaYS.Sprint5.Task1.V25", "Tyuiu.BrezinaYS.Sprint5.Task1.V25\Tyuiu.BrezinaYS.Sprint5.Task1.V25.csproj", "{E13CB1FD-E73A-44E3-9086-C8655B364D04}"
EndProject
Project("{FAE04EC0-301F-11D3-BF4B-00C04F79EFBC}") = "Tyuiu.BrezinaYS.Sprint5.Task1.V25.Lib", "Tyuiu.BrezinaYS.Sprint5.Task1.V25.Lib\Tyuiu.BrezinaYS.Sprint5.Task1.V25.Lib.csproj", "{EC71A21B-41BD-4071-9B8B-87F739E43293}"
EndProject
Project("{FAE04EC0-301F-11D3-BF4B-00C04F79EFBC}") = "Tyuiu.BrezinaYS.Sprint5.Task1.V25.Test", "Tyuiu.BrezinaYS.Sprint5.Task1.V25.Test\Tyuiu.BrezinaYS.Sprint5.Task1.V25.Test.csproj", "{00240077-EE12-44C8-B87F-702AE75AC7A0}"
EndProject
Project("{2150E333-8FDC-42A3-9474-1A3956D46DE8}") = "Task2", "Task2", "{99F3A2C0-28E7-4646-ACFC-EFDF1F53A9EF}"
EndProject
Project("{FAE04EC0-301F-11D3-BF4B-00C04F79EFBC}") = "Tyuiu.BrezinaYS.Sprint5.Task2.V29", "Tyuiu.BrezinaYS.Sprint5.Task2.V29\Tyuiu.BrezinaYS.Sprint5.Task2.V29.csproj", "{A678461C-893B-4029-8828-E6FB8BB0C828}"
EndProject
Project("{FAE04EC0-301F-11D3-BF4B-00C04F79EFBC}") = "Tyuiu.BrezinaYS.Sprint5.Task2.V29.Lib", "Tyuiu.BrezinaYS.Sprint5.Task2.V29.Lib\Tyuiu.BrezinaYS.Sprint5.Task2.V29.Lib.csproj", "{D2DB8881-63C6-4C13-B9F0-F48F43FC4F24}"
EndProject
Project("{FAE04EC0-301F-11D3-BF4B-00C04F79EFBC}") = "Tyuiu.BrezinaYS.Sprint5.Task2.V29.Test", "Tyuiu.BrezinaYS.Sprint5.Task2.V29.Test\Tyuiu.BrezinaYS.Sprint5.Task2.V29.Test.csproj", "{8AFE5451-3ACE-42FE-B746-2B8823F8AC76}"
EndProject
Global
	GlobalSection(SolutionConfigurationPlatforms) = preSolution
		Debug|Any CPU = Debug|Any CPU
		Release|Any CPU = Release|Any CPU
	EndGlobalSection
	GlobalSection(ProjectConfigurationPlatforms) = postSolution
		{10DF78F8-6CFD-4FF2-9F0B-9C04B3FBB451}.Debug|Any CPU.ActiveCfg = Debug|Any CPU
		{10DF78F8-6CFD-4FF2-9F0B-9C04B3FBB451}.Debug|Any CPU.Build.0 = Debug|Any CPU
		{10DF78F8-6CFD-4FF2-9F0B-9C04B3FBB451}.Release|Any CPU.ActiveCfg = Release|Any CPU
		{10DF78F8-6CFD-4FF2-9F0B-9C04B3FBB451}.Release|Any CPU.Build.0 = Release|Any CPU
		{AFB61812-E0BB-403A-99C4-9FB85B8F8E0E}.Debug|Any CPU.ActiveCfg = Debug|Any CPU
		{AFB61812-E0BB-403A-99C4-9FB85B8F8E0E}.Debug|Any CPU.Build.0 = Debug|Any CPU
		{AFB61812-E0BB-403A-99C4-9FB85B8F8E0E}.Release|Any CPU.ActiveCfg = Release|Any CPU
		{AFB61812-E0BB-403A-99C4-9FB85B8F8E0E}.Release|Any CPU.Build.0 = Release|Any CPU
		{01B40964-FF7E-47AA-A097-DE27B462F481}.Debug|Any CPU.ActiveCfg = Debug|Any CPU
		{01B40964-FF7E-47AA-A097-DE27B462F481}.Debug|Any CPU.Build.0 = Debug|Any CPU
		{01B40964-FF7E-47AA-A097-DE27B462F481}.Release|Any CPU.ActiveCfg = Release|Any CPU
		{01B40964-FF7E-47AA-A097-DE27B462F481}.Release|Any CPU.Build.0 = Release|Any CPU
		{E13CB1FD-E73A-44E3-9086-C8655B364D04}.Debug|Any CPU.ActiveCfg = Debug|Any CPU
		{E13CB1FD-E73A-44E3-9086-C8655B364D04}.Debug|Any CPU.Build.0 = Debug|Any CPU
		{E13CB1FD-E73A-44E3-9086-C8655B364D04}.Release|Any CPU.ActiveCfg = Release|Any CPU
		{E13CB1FD-E73A-44E3-9086-C8655B364D04}.Release|Any CPU.Build.0 = Release|Any CPU
		{EC71A21B-41BD-4071-9B8B-87F739E43293}.Debug|Any CPU.ActiveCfg = Debug|Any CPU
		{EC71A21B-41BD-4071-9B8B-87F739E43293}.Debug|Any CPU.Build.0 = Debug|Any CPU
		{EC71A21B-41BD-4071-9B8B-87F739E43293}.Release|Any CPU.ActiveCfg = Release|Any CPU
		{EC71A21B-41BD-4071-9B8B-87F739E43293}.Release|Any CPU.Build.0 = Release|Any CPU
		{00240077-EE12-44C8-B87F-702AE75AC7A0}.Debug|Any CPU.ActiveCfg = Debug|Any CPU
		{00240077-EE12-44C8-B87F-702AE75AC7A0}.Debug|Any CPU.Build.0 = Debug|Any CPU
		{00240077-EE12-44C8-B87F-702AE75AC7A0}.Release|Any CPU.ActiveCfg = Release|Any CPU
		{00240077-EE12-44C8-B87F-702AE75AC7A0}.Release|Any CPU.Build.0 = Release|Any CPU
		{A678461C-893B-4029-8828-E6FB8BB0C828}.Debug|Any CPU.ActiveCfg = Debug|Any CPU
		{A678461C-893B-4029-8828-E6FB8BB0C828}.Debug|Any CPU.Build.0 = Debug|Any CPU
		{A678461C-893B-4029-8828-E6FB8BB0C828}.Release|Any CPU.ActiveCfg = Release|Any CPU
		{A678461C-893B-4029-8828-E6FB8BB0C828}.Release|Any CPU.Build.0 = Release|Any CPU
		{D2DB8881-63C6-4C13-B9F0-F48F43FC4F24}.Debug|Any CPU.ActiveCfg = Debug|Any CPU
		{D2DB8881-63C6-4C13-B9F0-F48F43FC4F24}.Debug|Any CPU.Build.0 = Debug|Any CPU
		{D2DB8881-63C6-4C13-B9F0-F48F43FC4F24}.Release|Any CPU.ActiveCfg = Release|Any CPU
		{D2DB8881-63C6-4C13-B9F0-F48F43FC4F24}.Release|Any CPU.Build.0 = Release|Any CPU
		{8AFE5451-3ACE-42FE-B746-2B8823F8AC76}.Debug|Any CPU.ActiveCfg = Debug|Any CPU
		{8AFE5451-3ACE-42FE-B746-2B8823F8AC76}.Debug|Any CPU.Build.0 = Debug|Any CPU
		{8AFE5451-3ACE-42FE-B746-2B8823F8AC76}.Release|Any CPU.ActiveCfg = Release|Any CPU
		{8AFE5451-3ACE-42FE-B746-2B8823F8AC76}.Release|Any CPU.Build.0 = Release|Any CPU
	EndGlobalSection
	GlobalSection(SolutionProperties) = preSolution
		HideSolutionNode = FALSE
	EndGlobalSection
	GlobalSection(NestedProjects) = preSolution
		{10DF78F8-6CFD-4FF2-9F0B-9C04B3FBB451} = {05E7B8FC-FF63-4F6F-A5C9-80303E9068F5}
		{AFB61812-E0BB-403A-99C4-9FB85B8F8E0E} = {05E7B8FC-FF63-4F6F-A5C9-80303E9068F5}
		{01B40964-FF7E-47AA-A097-DE27B462F481} = {05E7B8FC-FF63-4F6F-A5C9-80303E9068F5}
		{E13CB1FD-E73A-44E3-9086-C8655B364D04} = {94382691-B4EC-42D3-B671-ED3681C6E8A7}
		{EC71A21B-41BD-4071-9B8B-87F739E43293} = {94382691-B4EC-42D3-B671-ED3681C6E8A7}
		{00240077-EE12-44C8-B87F-702AE75AC7A0} = {94382691-B4EC-42D3-B671-ED3681C6E8A7}
		{A678461C-893B-4029-8828-E6FB8BB0C828} = {99F3A2C0-28E7-4646-ACFC-EFDF1F53A9EF}
		{D2DB8881-63C6-4C13-B9F0-F48F43FC4F24} = {99F3A2C0-28E7-4646-ACFC-EFDF1F53A9EF}
		{8AFE5451-3ACE-42FE-B746-2B8823F8AC76} = {99F3A2C0-28E7-4646-ACFC-EFDF1F53A9EF}
	EndGlobalSection
	GlobalSection(ExtensibilityGlobals) = postSolution
		SolutionGuid = {48A930E7-A2A1-44CD-A085-7C4EC972E60D}
	EndGlobalSection
EndGlobal
