
Microsoft Visual Studio Solution File, Format Version 12.00
# Visual Studio Version 17
VisualStudioVersion = 17.11.35303.130
MinimumVisualStudioVersion = 10.0.40219.1
Project("{2150E333-8FDC-42A3-9474-1A3956D46DE8}") = "Task0", "Task0", "{05E7B8FC-FF63-4F6F-A5C9-80303E9068F5}"
EndProject
Project("{9A19103F-16F7-4668-BE54-9A1E7A4F7556}") = "Tyuiu.BrezinaYS.Sprint5.Task0.V20", "Tyuiu.BrezinaYS.Sprint5.Task0.V20\Tyuiu.BrezinaYS.Sprint5.Task0.V20.csproj", "{10DF78F8-6CFD-4FF2-9F0B-9C04B3FBB451}"
EndProject
Project("{9A19103F-16F7-4668-BE54-9A1E7A4F7556}") = "Tyuiu.BrezinaYS.Sprint5.Task0.V20.Lib", "Tyuiu.BrezinaYS.Sprint5.Task0.V20.Lib\Tyuiu.BrezinaYS.Sprint5.Task0.V20.Lib.csproj", "{AFB61812-E0BB-403A-99C4-9FB85B8F8E0E}"
EndProject
Project("{9A19103F-16F7-4668-BE54-9A1E7A4F7556}") = "Tyuiu.BrezinaYS.Sprint5.Task0.V20.Test", "Tyuiu.BrezinaYS.Sprint5.Task0.V20.Test\Tyuiu.BrezinaYS.Sprint5.Task0.V20.Test.csproj", "{01B40964-FF7E-47AA-A097-DE27B462F481}"
EndProject
Project("{2150E333-8FDC-42A3-9474-1A3956D46DE8}") = "Task1", "Task1", "{94382691-B4EC-42D3-B671-ED3681C6E8A7}"
EndProject
Project("{9A19103F-16F7-4668-BE54-9A1E7A4F7556}") = "Tyuiu.BrezinaYS.Sprint5.Task1.V25", "Tyuiu.BrezinaYS.Sprint5.Task1.V25\Tyuiu.BrezinaYS.Sprint5.Task1.V25.csproj", "{E13CB1FD-E73A-44E3-9086-C8655B364D04}"
EndProject
Project("{9A19103F-16F7-4668-BE54-9A1E7A4F7556}") = "Tyuiu.BrezinaYS.Sprint5.Task1.V25.Lib", "Tyuiu.BrezinaYS.Sprint5.Task1.V25.Lib\Tyuiu.BrezinaYS.Sprint5.Task1.V25.Lib.csproj", "{EC71A21B-41BD-4071-9B8B-87F739E43293}"
EndProject
Project("{9A19103F-16F7-4668-BE54-9A1E7A4F7556}") = "Tyuiu.BrezinaYS.Sprint5.Task1.V25.Test", "Tyuiu.BrezinaYS.Sprint5.Task1.V25.Test\Tyuiu.BrezinaYS.Sprint5.Task1.V25.Test.csproj", "{00240077-EE12-44C8-B87F-702AE75AC7A0}"
EndProject
Project("{2150E333-8FDC-42A3-9474-1A3956D46DE8}") = "Task2", "Task2", "{99F3A2C0-28E7-4646-ACFC-EFDF1F53A9EF}"
EndProject
Project("{9A19103F-16F7-4668-BE54-9A1E7A4F7556}") = "Tyuiu.BrezinaYS.Sprint5.Task2.V29", "Tyuiu.BrezinaYS.Sprint5.Task2.V29\Tyuiu.BrezinaYS.Sprint5.Task2.V29.csproj", "{A678461C-893B-4029-8828-E6FB8BB0C828}"
EndProject
Project("{9A19103F-16F7-4668-BE54-9A1E7A4F7556}") = "Tyuiu.BrezinaYS.Sprint5.Task2.V29.Lib", "Tyuiu.BrezinaYS.Sprint5.Task2.V29.Lib\Tyuiu.BrezinaYS.Sprint5.Task2.V29.Lib.csproj", "{D2DB8881-63C6-4C13-B9F0-F48F43FC4F24}"
EndProject
Project("{9A19103F-16F7-4668-BE54-9A1E7A4F7556}") = "Tyuiu.BrezinaYS.Sprint5.Task2.V29.Test", "Tyuiu.BrezinaYS.Sprint5.Task2.V29.Test\Tyuiu.BrezinaYS.Sprint5.Task2.V29.Test.csproj", "{8AFE5451-3ACE-42FE-B746-2B8823F8AC76}"
EndProject
Project("{2150E333-8FDC-42A3-9474-1A3956D46DE8}") = "Task3", "Task3", "{E8AED0E5-98C3-48E1-8B97-1A5FBB246557}"
EndProject
Project("{9A19103F-16F7-4668-BE54-9A1E7A4F7556}") = "Tyuiu.BrezinaYS.Sprint5.Task3.V27", "Tyuiu.BrezinaYS.Sprint5.Task3.V27\Tyuiu.BrezinaYS.Sprint5.Task3.V27.csproj", "{FC20B60A-543A-4B93-9E1B-B9F6DD00CF0C}"
EndProject
Project("{9A19103F-16F7-4668-BE54-9A1E7A4F7556}") = "Tyuiu.BrezinaYS.Sprint5.Task3.V27.Lib", "Tyuiu.BrezinaYS.Sprint5.Task3.V27.Lib\Tyuiu.BrezinaYS.Sprint5.Task3.V27.Lib.csproj", "{87019461-1CB3-4056-B4DB-C3CDC3AD6353}"
EndProject
Project("{9A19103F-16F7-4668-BE54-9A1E7A4F7556}") = "Tyuiu.BrezinaYS.Sprint5.Task3.V27.Test", "Tyuiu.BrezinaYS.Sprint5.Task3.V27.Test\Tyuiu.BrezinaYS.Sprint5.Task3.V27.Test.csproj", "{1D65424F-A123-4E7F-921C-BF9DB68B26A9}"
EndProject
Project("{2150E333-8FDC-42A3-9474-1A3956D46DE8}") = "Task4", "Task4", "{5C3A3CBD-BFD8-4203-9E39-1998BFB0DEA9}"
EndProject
Project("{FAE04EC0-301F-11D3-BF4B-00C04F79EFBC}") = "Tyuiu.BrezinaYS.Sprint5.Task4.V10", "Tyuiu.BrezinaYS.Sprint5.Task4.V10\Tyuiu.BrezinaYS.Sprint5.Task4.V10.csproj", "{17773188-E1EB-4ECD-81AB-E877F98F6251}"
EndProject
Project("{FAE04EC0-301F-11D3-BF4B-00C04F79EFBC}") = "Tyuiu.BrezinaYS.Sprint5.Task4.V10.Lib", "Tyuiu.BrezinaYS.Sprint5.Task4.V10.Lib\Tyuiu.BrezinaYS.Sprint5.Task4.V10.Lib.csproj", "{034B27FE-A0FE-45BD-873C-861B0CCC4DEB}"
EndProject
Project("{FAE04EC0-301F-11D3-BF4B-00C04F79EFBC}") = "Tyuiu.BrezinaYS.Sprint5.Task4.V10.Test", "Tyuiu.BrezinaYS.Sprint5.Task4.V10.Test\Tyuiu.BrezinaYS.Sprint5.Task4.V10.Test.csproj", "{6CFD2D1D-39A1-4393-99A6-74EC8C1DD788}"
EndProject
Project("{2150E333-8FDC-42A3-9474-1A3956D46DE8}") = "Task5", "Task5", "{4B0B632C-25A2-4BF2-ACB0-2CE28D7BEA8D}"
EndProject
Project("{FAE04EC0-301F-11D3-BF4B-00C04F79EFBC}") = "Tyuiu.BrezinaYS.Sprint5.Task5.V2", "Tyuiu.BrezinaYS.Sprint5.Task5.V2\Tyuiu.BrezinaYS.Sprint5.Task5.V2.csproj", "{66E85239-6239-44BF-B1D2-911443A9EB81}"
EndProject
Project("{FAE04EC0-301F-11D3-BF4B-00C04F79EFBC}") = "Tyuiu.BrezinaYS.Sprint5.Task5.V2.Lib", "Tyuiu.BrezinaYS.Sprint5.Task5.V2.Lib\Tyuiu.BrezinaYS.Sprint5.Task5.V2.Lib.csproj", "{86EFCB3F-C451-454C-90F1-3736780D5FD6}"
EndProject
Project("{FAE04EC0-301F-11D3-BF4B-00C04F79EFBC}") = "Tyuiu.BrezinaYS.Sprint5.Task5.V2.Test", "Tyuiu.BrezinaYS.Sprint5.Task5.V2.Test\Tyuiu.BrezinaYS.Sprint5.Task5.V2.Test.csproj", "{4669B143-B1EE-42D1-A722-FFCFF0272504}"
EndProject
Project("{2150E333-8FDC-42A3-9474-1A3956D46DE8}") = "Task6", "Task6", "{3908B5E3-0EF9-4D3B-A6C7-21030BD9114B}"
EndProject
Project("{FAE04EC0-301F-11D3-BF4B-00C04F79EFBC}") = "Tyuiu.BrezinaYS.Sprint5.Task6.V28", "Tyuiu.BrezinaYS.Sprint5.Task6.V28\Tyuiu.BrezinaYS.Sprint5.Task6.V28.csproj", "{E4DB2641-4152-4E19-9DC8-AE2C2E502488}"
EndProject
Project("{FAE04EC0-301F-11D3-BF4B-00C04F79EFBC}") = "Tyuiu.BrezinaYS.Sprint5.Task6.V28.Lib", "Tyuiu.BrezinaYS.Sprint5.Task6.V28.Lib\Tyuiu.BrezinaYS.Sprint5.Task6.V28.Lib.csproj", "{8F4BE220-BB4B-4CC6-A330-3FB59D154E56}"
EndProject
Project("{FAE04EC0-301F-11D3-BF4B-00C04F79EFBC}") = "Tyuiu.BrezinaYS.Sprint5.Task6.V28.Test", "Tyuiu.BrezinaYS.Sprint5.Task6.V28.Test\Tyuiu.BrezinaYS.Sprint5.Task6.V28.Test.csproj", "{D9AC1103-1AE3-4070-80CC-30BE58783E74}"
EndProject
Project("{2150E333-8FDC-42A3-9474-1A3956D46DE8}") = "Task7", "Task7", "{1F9CB8FC-CD4A-45F1-8A70-EA32F49A2D8E}"
EndProject
Project("{FAE04EC0-301F-11D3-BF4B-00C04F79EFBC}") = "Tyuiu.BrezinaYS.Sprint5.Task7.V7", "Tyuiu.BrezinaYS.Sprint5.Task7.V7\Tyuiu.BrezinaYS.Sprint5.Task7.V7.csproj", "{80FC859C-78C1-4028-A00F-801C8415489D}"
EndProject
Project("{FAE04EC0-301F-11D3-BF4B-00C04F79EFBC}") = "Tyuiu.BrezinaYS.Sprint5.Task7.V7.Lib", "Tyuiu.BrezinaYS.Sprint5.Task7.V7.Lib\Tyuiu.BrezinaYS.Sprint5.Task7.V7.Lib.csproj", "{05C41B0A-A3F4-4DD8-B1D3-A7762D539295}"
EndProject
Project("{FAE04EC0-301F-11D3-BF4B-00C04F79EFBC}") = "Tyuiu.BrezinaYS.Sprint5.Task7.V7.Test", "Tyuiu.BrezinaYS.Sprint5.Task7.V7.Test\Tyuiu.BrezinaYS.Sprint5.Task7.V7.Test.csproj", "{FFD685DC-BB41-4422-AA9B-CA92BEEE37C4}"
EndProject
Global
	GlobalSection(SolutionConfigurationPlatforms) = preSolution
		Debug|Any CPU = Debug|Any CPU
		Release|Any CPU = Release|Any CPU
	EndGlobalSection
	GlobalSection(ProjectConfigurationPlatforms) = postSolution
		{10DF78F8-6CFD-4FF2-9F0B-9C04B3FBB451}.Debug|Any CPU.ActiveCfg = Debug|Any CPU
		{10DF78F8-6CFD-4FF2-9F0B-9C04B3FBB451}.Debug|Any CPU.Build.0 = Debug|Any CPU
		{10DF78F8-6CFD-4FF2-9F0B-9C04B3FBB451}.Release|Any CPU.ActiveCfg = Release|Any CPU
		{10DF78F8-6CFD-4FF2-9F0B-9C04B3FBB451}.Release|Any CPU.Build.0 = Release|Any CPU
		{AFB61812-E0BB-403A-99C4-9FB85B8F8E0E}.Debug|Any CPU.ActiveCfg = Debug|Any CPU
		{AFB61812-E0BB-403A-99C4-9FB85B8F8E0E}.Debug|Any CPU.Build.0 = Debug|Any CPU
		{AFB61812-E0BB-403A-99C4-9FB85B8F8E0E}.Release|Any CPU.ActiveCfg = Release|Any CPU
		{AFB61812-E0BB-403A-99C4-9FB85B8F8E0E}.Release|Any CPU.Build.0 = Release|Any CPU
		{01B40964-FF7E-47AA-A097-DE27B462F481}.Debug|Any CPU.ActiveCfg = Debug|Any CPU
		{01B40964-FF7E-47AA-A097-DE27B462F481}.Debug|Any CPU.Build.0 = Debug|Any CPU
		{01B40964-FF7E-47AA-A097-DE27B462F481}.Release|Any CPU.ActiveCfg = Release|Any CPU
		{01B40964-FF7E-47AA-A097-DE27B462F481}.Release|Any CPU.Build.0 = Release|Any CPU
		{E13CB1FD-E73A-44E3-9086-C8655B364D04}.Debug|Any CPU.ActiveCfg = Debug|Any CPU
		{E13CB1FD-E73A-44E3-9086-C8655B364D04}.Debug|Any CPU.Build.0 = Debug|Any CPU
		{E13CB1FD-E73A-44E3-9086-C8655B364D04}.Release|Any CPU.ActiveCfg = Release|Any CPU
		{E13CB1FD-E73A-44E3-9086-C8655B364D04}.Release|Any CPU.Build.0 = Release|Any CPU
		{EC71A21B-41BD-4071-9B8B-87F739E43293}.Debug|Any CPU.ActiveCfg = Debug|Any CPU
		{EC71A21B-41BD-4071-9B8B-87F739E43293}.Debug|Any CPU.Build.0 = Debug|Any CPU
		{EC71A21B-41BD-4071-9B8B-87F739E43293}.Release|Any CPU.ActiveCfg = Release|Any CPU
		{EC71A21B-41BD-4071-9B8B-87F739E43293}.Release|Any CPU.Build.0 = Release|Any CPU
		{00240077-EE12-44C8-B87F-702AE75AC7A0}.Debug|Any CPU.ActiveCfg = Debug|Any CPU
		{00240077-EE12-44C8-B87F-702AE75AC7A0}.Debug|Any CPU.Build.0 = Debug|Any CPU
		{00240077-EE12-44C8-B87F-702AE75AC7A0}.Release|Any CPU.ActiveCfg = Release|Any CPU
		{00240077-EE12-44C8-B87F-702AE75AC7A0}.Release|Any CPU.Build.0 = Release|Any CPU
		{A678461C-893B-4029-8828-E6FB8BB0C828}.Debug|Any CPU.ActiveCfg = Debug|Any CPU
		{A678461C-893B-4029-8828-E6FB8BB0C828}.Debug|Any CPU.Build.0 = Debug|Any CPU
		{A678461C-893B-4029-8828-E6FB8BB0C828}.Release|Any CPU.ActiveCfg = Release|Any CPU
		{A678461C-893B-4029-8828-E6FB8BB0C828}.Release|Any CPU.Build.0 = Release|Any CPU
		{D2DB8881-63C6-4C13-B9F0-F48F43FC4F24}.Debug|Any CPU.ActiveCfg = Debug|Any CPU
		{D2DB8881-63C6-4C13-B9F0-F48F43FC4F24}.Debug|Any CPU.Build.0 = Debug|Any CPU
		{D2DB8881-63C6-4C13-B9F0-F48F43FC4F24}.Release|Any CPU.ActiveCfg = Release|Any CPU
		{D2DB8881-63C6-4C13-B9F0-F48F43FC4F24}.Release|Any CPU.Build.0 = Release|Any CPU
		{8AFE5451-3ACE-42FE-B746-2B8823F8AC76}.Debug|Any CPU.ActiveCfg = Debug|Any CPU
		{8AFE5451-3ACE-42FE-B746-2B8823F8AC76}.Debug|Any CPU.Build.0 = Debug|Any CPU
		{8AFE5451-3ACE-42FE-B746-2B8823F8AC76}.Release|Any CPU.ActiveCfg = Release|Any CPU
		{8AFE5451-3ACE-42FE-B746-2B8823F8AC76}.Release|Any CPU.Build.0 = Release|Any CPU
		{FC20B60A-543A-4B93-9E1B-B9F6DD00CF0C}.Debug|Any CPU.ActiveCfg = Debug|Any CPU
		{FC20B60A-543A-4B93-9E1B-B9F6DD00CF0C}.Debug|Any CPU.Build.0 = Debug|Any CPU
		{FC20B60A-543A-4B93-9E1B-B9F6DD00CF0C}.Release|Any CPU.ActiveCfg = Release|Any CPU
		{FC20B60A-543A-4B93-9E1B-B9F6DD00CF0C}.Release|Any CPU.Build.0 = Release|Any CPU
		{87019461-1CB3-4056-B4DB-C3CDC3AD6353}.Debug|Any CPU.ActiveCfg = Debug|Any CPU
		{87019461-1CB3-4056-B4DB-C3CDC3AD6353}.Debug|Any CPU.Build.0 = Debug|Any CPU
		{87019461-1CB3-4056-B4DB-C3CDC3AD6353}.Release|Any CPU.ActiveCfg = Release|Any CPU
		{87019461-1CB3-4056-B4DB-C3CDC3AD6353}.Release|Any CPU.Build.0 = Release|Any CPU
		{1D65424F-A123-4E7F-921C-BF9DB68B26A9}.Debug|Any CPU.ActiveCfg = Debug|Any CPU
		{1D65424F-A123-4E7F-921C-BF9DB68B26A9}.Debug|Any CPU.Build.0 = Debug|Any CPU
		{1D65424F-A123-4E7F-921C-BF9DB68B26A9}.Release|Any CPU.ActiveCfg = Release|Any CPU
		{1D65424F-A123-4E7F-921C-BF9DB68B26A9}.Release|Any CPU.Build.0 = Release|Any CPU
		{17773188-E1EB-4ECD-81AB-E877F98F6251}.Debug|Any CPU.ActiveCfg = Debug|Any CPU
		{17773188-E1EB-4ECD-81AB-E877F98F6251}.Debug|Any CPU.Build.0 = Debug|Any CPU
		{17773188-E1EB-4ECD-81AB-E877F98F6251}.Release|Any CPU.ActiveCfg = Release|Any CPU
		{17773188-E1EB-4ECD-81AB-E877F98F6251}.Release|Any CPU.Build.0 = Release|Any CPU
		{034B27FE-A0FE-45BD-873C-861B0CCC4DEB}.Debug|Any CPU.ActiveCfg = Debug|Any CPU
		{034B27FE-A0FE-45BD-873C-861B0CCC4DEB}.Debug|Any CPU.Build.0 = Debug|Any CPU
		{034B27FE-A0FE-45BD-873C-861B0CCC4DEB}.Release|Any CPU.ActiveCfg = Release|Any CPU
		{034B27FE-A0FE-45BD-873C-861B0CCC4DEB}.Release|Any CPU.Build.0 = Release|Any CPU
		{6CFD2D1D-39A1-4393-99A6-74EC8C1DD788}.Debug|Any CPU.ActiveCfg = Debug|Any CPU
		{6CFD2D1D-39A1-4393-99A6-74EC8C1DD788}.Debug|Any CPU.Build.0 = Debug|Any CPU
		{6CFD2D1D-39A1-4393-99A6-74EC8C1DD788}.Release|Any CPU.ActiveCfg = Release|Any CPU
		{6CFD2D1D-39A1-4393-99A6-74EC8C1DD788}.Release|Any CPU.Build.0 = Release|Any CPU
		{66E85239-6239-44BF-B1D2-911443A9EB81}.Debug|Any CPU.ActiveCfg = Debug|Any CPU
		{66E85239-6239-44BF-B1D2-911443A9EB81}.Debug|Any CPU.Build.0 = Debug|Any CPU
		{66E85239-6239-44BF-B1D2-911443A9EB81}.Release|Any CPU.ActiveCfg = Release|Any CPU
		{66E85239-6239-44BF-B1D2-911443A9EB81}.Release|Any CPU.Build.0 = Release|Any CPU
		{86EFCB3F-C451-454C-90F1-3736780D5FD6}.Debug|Any CPU.ActiveCfg = Debug|Any CPU
		{86EFCB3F-C451-454C-90F1-3736780D5FD6}.Debug|Any CPU.Build.0 = Debug|Any CPU
		{86EFCB3F-C451-454C-90F1-3736780D5FD6}.Release|Any CPU.ActiveCfg = Release|Any CPU
		{86EFCB3F-C451-454C-90F1-3736780D5FD6}.Release|Any CPU.Build.0 = Release|Any CPU
		{4669B143-B1EE-42D1-A722-FFCFF0272504}.Debug|Any CPU.ActiveCfg = Debug|Any CPU
		{4669B143-B1EE-42D1-A722-FFCFF0272504}.Debug|Any CPU.Build.0 = Debug|Any CPU
		{4669B143-B1EE-42D1-A722-FFCFF0272504}.Release|Any CPU.ActiveCfg = Release|Any CPU
		{4669B143-B1EE-42D1-A722-FFCFF0272504}.Release|Any CPU.Build.0 = Release|Any CPU
		{E4DB2641-4152-4E19-9DC8-AE2C2E502488}.Debug|Any CPU.ActiveCfg = Debug|Any CPU
		{E4DB2641-4152-4E19-9DC8-AE2C2E502488}.Debug|Any CPU.Build.0 = Debug|Any CPU
		{E4DB2641-4152-4E19-9DC8-AE2C2E502488}.Release|Any CPU.ActiveCfg = Release|Any CPU
		{E4DB2641-4152-4E19-9DC8-AE2C2E502488}.Release|Any CPU.Build.0 = Release|Any CPU
		{8F4BE220-BB4B-4CC6-A330-3FB59D154E56}.Debug|Any CPU.ActiveCfg = Debug|Any CPU
		{8F4BE220-BB4B-4CC6-A330-3FB59D154E56}.Debug|Any CPU.Build.0 = Debug|Any CPU
		{8F4BE220-BB4B-4CC6-A330-3FB59D154E56}.Release|Any CPU.ActiveCfg = Release|Any CPU
		{8F4BE220-BB4B-4CC6-A330-3FB59D154E56}.Release|Any CPU.Build.0 = Release|Any CPU
		{D9AC1103-1AE3-4070-80CC-30BE58783E74}.Debug|Any CPU.ActiveCfg = Debug|Any CPU
		{D9AC1103-1AE3-4070-80CC-30BE58783E74}.Debug|Any CPU.Build.0 = Debug|Any CPU
		{D9AC1103-1AE3-4070-80CC-30BE58783E74}.Release|Any CPU.ActiveCfg = Release|Any CPU
		{D9AC1103-1AE3-4070-80CC-30BE58783E74}.Release|Any CPU.Build.0 = Release|Any CPU
		{80FC859C-78C1-4028-A00F-801C8415489D}.Debug|Any CPU.ActiveCfg = Debug|Any CPU
		{80FC859C-78C1-4028-A00F-801C8415489D}.Debug|Any CPU.Build.0 = Debug|Any CPU
		{80FC859C-78C1-4028-A00F-801C8415489D}.Release|Any CPU.ActiveCfg = Release|Any CPU
		{80FC859C-78C1-4028-A00F-801C8415489D}.Release|Any CPU.Build.0 = Release|Any CPU
		{05C41B0A-A3F4-4DD8-B1D3-A7762D539295}.Debug|Any CPU.ActiveCfg = Debug|Any CPU
		{05C41B0A-A3F4-4DD8-B1D3-A7762D539295}.Debug|Any CPU.Build.0 = Debug|Any CPU
		{05C41B0A-A3F4-4DD8-B1D3-A7762D539295}.Release|Any CPU.ActiveCfg = Release|Any CPU
		{05C41B0A-A3F4-4DD8-B1D3-A7762D539295}.Release|Any CPU.Build.0 = Release|Any CPU
		{FFD685DC-BB41-4422-AA9B-CA92BEEE37C4}.Debug|Any CPU.ActiveCfg = Debug|Any CPU
		{FFD685DC-BB41-4422-AA9B-CA92BEEE37C4}.Debug|Any CPU.Build.0 = Debug|Any CPU
		{FFD685DC-BB41-4422-AA9B-CA92BEEE37C4}.Release|Any CPU.ActiveCfg = Release|Any CPU
		{FFD685DC-BB41-4422-AA9B-CA92BEEE37C4}.Release|Any CPU.Build.0 = Release|Any CPU
	EndGlobalSection
	GlobalSection(SolutionProperties) = preSolution
		HideSolutionNode = FALSE
	EndGlobalSection
	GlobalSection(NestedProjects) = preSolution
		{10DF78F8-6CFD-4FF2-9F0B-9C04B3FBB451} = {05E7B8FC-FF63-4F6F-A5C9-80303E9068F5}
		{AFB61812-E0BB-403A-99C4-9FB85B8F8E0E} = {05E7B8FC-FF63-4F6F-A5C9-80303E9068F5}
		{01B40964-FF7E-47AA-A097-DE27B462F481} = {05E7B8FC-FF63-4F6F-A5C9-80303E9068F5}
		{E13CB1FD-E73A-44E3-9086-C8655B364D04} = {94382691-B4EC-42D3-B671-ED3681C6E8A7}
		{EC71A21B-41BD-4071-9B8B-87F739E43293} = {94382691-B4EC-42D3-B671-ED3681C6E8A7}
		{00240077-EE12-44C8-B87F-702AE75AC7A0} = {94382691-B4EC-42D3-B671-ED3681C6E8A7}
		{A678461C-893B-4029-8828-E6FB8BB0C828} = {99F3A2C0-28E7-4646-ACFC-EFDF1F53A9EF}
		{D2DB8881-63C6-4C13-B9F0-F48F43FC4F24} = {99F3A2C0-28E7-4646-ACFC-EFDF1F53A9EF}
		{8AFE5451-3ACE-42FE-B746-2B8823F8AC76} = {99F3A2C0-28E7-4646-ACFC-EFDF1F53A9EF}
		{FC20B60A-543A-4B93-9E1B-B9F6DD00CF0C} = {E8AED0E5-98C3-48E1-8B97-1A5FBB246557}
		{87019461-1CB3-4056-B4DB-C3CDC3AD6353} = {E8AED0E5-98C3-48E1-8B97-1A5FBB246557}
		{1D65424F-A123-4E7F-921C-BF9DB68B26A9} = {E8AED0E5-98C3-48E1-8B97-1A5FBB246557}
		{17773188-E1EB-4ECD-81AB-E877F98F6251} = {5C3A3CBD-BFD8-4203-9E39-1998BFB0DEA9}
		{034B27FE-A0FE-45BD-873C-861B0CCC4DEB} = {5C3A3CBD-BFD8-4203-9E39-1998BFB0DEA9}
		{6CFD2D1D-39A1-4393-99A6-74EC8C1DD788} = {5C3A3CBD-BFD8-4203-9E39-1998BFB0DEA9}
		{66E85239-6239-44BF-B1D2-911443A9EB81} = {4B0B632C-25A2-4BF2-ACB0-2CE28D7BEA8D}
		{86EFCB3F-C451-454C-90F1-3736780D5FD6} = {4B0B632C-25A2-4BF2-ACB0-2CE28D7BEA8D}
		{4669B143-B1EE-42D1-A722-FFCFF0272504} = {4B0B632C-25A2-4BF2-ACB0-2CE28D7BEA8D}
		{E4DB2641-4152-4E19-9DC8-AE2C2E502488} = {3908B5E3-0EF9-4D3B-A6C7-21030BD9114B}
		{8F4BE220-BB4B-4CC6-A330-3FB59D154E56} = {3908B5E3-0EF9-4D3B-A6C7-21030BD9114B}
		{D9AC1103-1AE3-4070-80CC-30BE58783E74} = {3908B5E3-0EF9-4D3B-A6C7-21030BD9114B}
		{80FC859C-78C1-4028-A00F-801C8415489D} = {1F9CB8FC-CD4A-45F1-8A70-EA32F49A2D8E}
		{05C41B0A-A3F4-4DD8-B1D3-A7762D539295} = {1F9CB8FC-CD4A-45F1-8A70-EA32F49A2D8E}
		{FFD685DC-BB41-4422-AA9B-CA92BEEE37C4} = {1F9CB8FC-CD4A-45F1-8A70-EA32F49A2D8E}
	EndGlobalSection
	GlobalSection(ExtensibilityGlobals) = postSolution
		SolutionGuid = {48A930E7-A2A1-44CD-A085-7C4EC972E60D}
	EndGlobalSection
EndGlobal
